
Microsoft Visual Studio Solution File, Format Version 12.00
# Visual Studio Version 17
VisualStudioVersion = 17.8.34227.203
MinimumVisualStudioVersion = 10.0.40219.1
Project("{9A19103F-16F7-4668-BE54-9A1E7A4F7556}") = "BottleSplitter.Blazor", "src\BottleSplitter\BottleSplitter.csproj", "{01AB85E7-8EA5-4019-9A2F-EA76D2C70CD5}"
EndProject
Project("{2150E333-8FDC-42A3-9474-1A3956D46DE8}") = "Config", "Config", "{ED5BB2CC-D22A-4CA3-A773-B796036EB7EA}"
	ProjectSection(SolutionItems) = preProject
		.editorconfig = .editorconfig
		Directory.Build.props = Directory.Build.props
		Directory.Packages.props = Directory.Packages.props
		global.json = global.json
		NuGet.config = NuGet.config
		.config\dotnet-tools.json = .config\dotnet-tools.json
	EndProjectSection
EndProject
Project("{2150E333-8FDC-42A3-9474-1A3956D46DE8}") = "Source", "Source", "{4BC5D7E2-F3BF-40AE-8075-DEC2563FE000}"
EndProject
Project("{2150E333-8FDC-42A3-9474-1A3956D46DE8}") = "Build", "Build", "{B9F78162-AEE4-4D6F-B66F-5F9BEEB96484}"
EndProject
Project("{FAE04EC0-301F-11D3-BF4B-00C04F79EFBC}") = "build", "build\build.csproj", "{556AE135-7557-4482-837C-6E25FC7C9489}"
EndProject
Global
	GlobalSection(SolutionConfigurationPlatforms) = preSolution
		Debug|Any CPU = Debug|Any CPU
		Release|Any CPU = Release|Any CPU
	EndGlobalSection
	GlobalSection(ProjectConfigurationPlatforms) = postSolution
		{01AB85E7-8EA5-4019-9A2F-EA76D2C70CD5}.Debug|Any CPU.ActiveCfg = Debug|Any CPU
		{01AB85E7-8EA5-4019-9A2F-EA76D2C70CD5}.Debug|Any CPU.Build.0 = Debug|Any CPU
		{01AB85E7-8EA5-4019-9A2F-EA76D2C70CD5}.Release|Any CPU.ActiveCfg = Release|Any CPU
		{01AB85E7-8EA5-4019-9A2F-EA76D2C70CD5}.Release|Any CPU.Build.0 = Release|Any CPU
		{556AE135-7557-4482-837C-6E25FC7C9489}.Debug|Any CPU.ActiveCfg = Debug|Any CPU
		{556AE135-7557-4482-837C-6E25FC7C9489}.Debug|Any CPU.Build.0 = Debug|Any CPU
		{556AE135-7557-4482-837C-6E25FC7C9489}.Release|Any CPU.ActiveCfg = Release|Any CPU
		{556AE135-7557-4482-837C-6E25FC7C9489}.Release|Any CPU.Build.0 = Release|Any CPU
	EndGlobalSection
	GlobalSection(SolutionProperties) = preSolution
		HideSolutionNode = FALSE
	EndGlobalSection
	GlobalSection(ExtensibilityGlobals) = postSolution
		SolutionGuid = {15B7A13A-5D81-48B0-B19B-45AF25C29C20}
	EndGlobalSection
	GlobalSection(NestedProjects) = preSolution
		{01AB85E7-8EA5-4019-9A2F-EA76D2C70CD5} = {4BC5D7E2-F3BF-40AE-8075-DEC2563FE000}
		{556AE135-7557-4482-837C-6E25FC7C9489} = {B9F78162-AEE4-4D6F-B66F-5F9BEEB96484}
	EndGlobalSection
EndGlobal
